
Microsoft Visual Studio Solution File, Format Version 12.00
# Visual Studio Version 17
VisualStudioVersion = 17.5.002.0
MinimumVisualStudioVersion = 10.0.40219.1
Project("{9A19103F-16F7-4668-BE54-9A1E7A4F7556}") = "lmsLunar", "lmsLunar.csproj", "{38B29406-503C-4F48-B6CC-2D80638E9F51}"
EndProject
Global
	GlobalSection(SolutionConfigurationPlatforms) = preSolution
		Debug|Any CPU = Debug|Any CPU
		Release|Any CPU = Release|Any CPU
	EndGlobalSection
	GlobalSection(ProjectConfigurationPlatforms) = postSolution
		{38B29406-503C-4F48-B6CC-2D80638E9F51}.Debug|Any CPU.ActiveCfg = Debug|Any CPU
		{38B29406-503C-4F48-B6CC-2D80638E9F51}.Debug|Any CPU.Build.0 = Debug|Any CPU
		{38B29406-503C-4F48-B6CC-2D80638E9F51}.Release|Any CPU.ActiveCfg = Release|Any CPU
		{38B29406-503C-4F48-B6CC-2D80638E9F51}.Release|Any CPU.Build.0 = Release|Any CPU
	EndGlobalSection
	GlobalSection(SolutionProperties) = preSolution
		HideSolutionNode = FALSE
	EndGlobalSection
	GlobalSection(ExtensibilityGlobals) = postSolution
		SolutionGuid = {007B49AD-C468-40A2-878A-95E507684761}
	EndGlobalSection
EndGlobal
